
Microsoft Visual Studio Solution File, Format Version 12.00
# Visual Studio Version 17
VisualStudioVersion = 17.1.32319.34
MinimumVisualStudioVersion = 10.0.40219.1
Project("{9A19103F-16F7-4668-BE54-9A1E7A4F7556}") = "CodeWars", "CodeWars.csproj", "{1048A933-A7FE-4B0B-AB1B-C1C7B037FC4C}"
EndProject
Project("{9A19103F-16F7-4668-BE54-9A1E7A4F7556}") = "MorseCode-1", "..\MorseCode-1\MorseCode-1.csproj", "{DDECA7D8-8660-4D15-ACBF-A6C1328E7BCB}"
EndProject
Project("{9A19103F-16F7-4668-BE54-9A1E7A4F7556}") = "TwoToOne", "..\TwoToOne\TwoToOne.csproj", "{2CF70349-E33B-4707-B86D-F16F8B65EE63}"
EndProject
Project("{9A19103F-16F7-4668-BE54-9A1E7A4F7556}") = "Training on Maximum subarray sum", "..\Training on Maximum subarray sum\Training on Maximum subarray sum.csproj", "{5108F6BE-7CB7-49D9-8221-309620CC351D}"
EndProject
Project("{9A19103F-16F7-4668-BE54-9A1E7A4F7556}") = "Are they the same", "..\Are they the same\Are they the same.csproj", "{7FA1BF57-91D8-44A7-9118-CD60BBDE575E}"
EndProject
Project("{9A19103F-16F7-4668-BE54-9A1E7A4F7556}") = "Persistent Bugger", "..\Persistent Bugger\Persistent Bugger.csproj", "{A07C952C-A1CA-4B5D-BBA8-B831EF5FF8DD}"
EndProject
Project("{9A19103F-16F7-4668-BE54-9A1E7A4F7556}") = "Simple Pig Latin", "..\Simple Pig Latin\Simple Pig Latin.csproj", "{7D1F804F-E25F-4B31-AF27-4A5071222C2C}"
EndProject
Project("{9A19103F-16F7-4668-BE54-9A1E7A4F7556}") = "ramainder of Div 4", "..\ramainder of Div 4\ramainder of Div 4.csproj", "{7D584702-B42C-482E-BE37-877ED74A2F31}"
EndProject
Project("{FAE04EC0-301F-11D3-BF4B-00C04F79EFBC}") = "Bouncing Ball", "..\Bouncing Ball\Bouncing Ball.csproj", "{9476099E-F796-4E12-AD5D-2F60577DE70C}"
EndProject
Project("{FAE04EC0-301F-11D3-BF4B-00C04F79EFBC}") = "Weight for weight", "..\Weight for weight\Weight for weight.csproj", "{57432B2D-E775-4D49-AF27-36196B66A512}"
EndProject
Global
	GlobalSection(SolutionConfigurationPlatforms) = preSolution
		Debug|Any CPU = Debug|Any CPU
		Release|Any CPU = Release|Any CPU
	EndGlobalSection
	GlobalSection(ProjectConfigurationPlatforms) = postSolution
		{1048A933-A7FE-4B0B-AB1B-C1C7B037FC4C}.Debug|Any CPU.ActiveCfg = Debug|Any CPU
		{1048A933-A7FE-4B0B-AB1B-C1C7B037FC4C}.Debug|Any CPU.Build.0 = Debug|Any CPU
		{1048A933-A7FE-4B0B-AB1B-C1C7B037FC4C}.Release|Any CPU.ActiveCfg = Release|Any CPU
		{1048A933-A7FE-4B0B-AB1B-C1C7B037FC4C}.Release|Any CPU.Build.0 = Release|Any CPU
		{DDECA7D8-8660-4D15-ACBF-A6C1328E7BCB}.Debug|Any CPU.ActiveCfg = Debug|Any CPU
		{DDECA7D8-8660-4D15-ACBF-A6C1328E7BCB}.Debug|Any CPU.Build.0 = Debug|Any CPU
		{DDECA7D8-8660-4D15-ACBF-A6C1328E7BCB}.Release|Any CPU.ActiveCfg = Release|Any CPU
		{DDECA7D8-8660-4D15-ACBF-A6C1328E7BCB}.Release|Any CPU.Build.0 = Release|Any CPU
		{2CF70349-E33B-4707-B86D-F16F8B65EE63}.Debug|Any CPU.ActiveCfg = Debug|Any CPU
		{2CF70349-E33B-4707-B86D-F16F8B65EE63}.Debug|Any CPU.Build.0 = Debug|Any CPU
		{2CF70349-E33B-4707-B86D-F16F8B65EE63}.Release|Any CPU.ActiveCfg = Release|Any CPU
		{2CF70349-E33B-4707-B86D-F16F8B65EE63}.Release|Any CPU.Build.0 = Release|Any CPU
		{5108F6BE-7CB7-49D9-8221-309620CC351D}.Debug|Any CPU.ActiveCfg = Debug|Any CPU
		{5108F6BE-7CB7-49D9-8221-309620CC351D}.Debug|Any CPU.Build.0 = Debug|Any CPU
		{5108F6BE-7CB7-49D9-8221-309620CC351D}.Release|Any CPU.ActiveCfg = Release|Any CPU
		{5108F6BE-7CB7-49D9-8221-309620CC351D}.Release|Any CPU.Build.0 = Release|Any CPU
		{7FA1BF57-91D8-44A7-9118-CD60BBDE575E}.Debug|Any CPU.ActiveCfg = Debug|Any CPU
		{7FA1BF57-91D8-44A7-9118-CD60BBDE575E}.Debug|Any CPU.Build.0 = Debug|Any CPU
		{7FA1BF57-91D8-44A7-9118-CD60BBDE575E}.Release|Any CPU.ActiveCfg = Release|Any CPU
		{7FA1BF57-91D8-44A7-9118-CD60BBDE575E}.Release|Any CPU.Build.0 = Release|Any CPU
		{A07C952C-A1CA-4B5D-BBA8-B831EF5FF8DD}.Debug|Any CPU.ActiveCfg = Debug|Any CPU
		{A07C952C-A1CA-4B5D-BBA8-B831EF5FF8DD}.Debug|Any CPU.Build.0 = Debug|Any CPU
		{A07C952C-A1CA-4B5D-BBA8-B831EF5FF8DD}.Release|Any CPU.ActiveCfg = Release|Any CPU
		{A07C952C-A1CA-4B5D-BBA8-B831EF5FF8DD}.Release|Any CPU.Build.0 = Release|Any CPU
		{7D1F804F-E25F-4B31-AF27-4A5071222C2C}.Debug|Any CPU.ActiveCfg = Debug|Any CPU
		{7D1F804F-E25F-4B31-AF27-4A5071222C2C}.Debug|Any CPU.Build.0 = Debug|Any CPU
		{7D1F804F-E25F-4B31-AF27-4A5071222C2C}.Release|Any CPU.ActiveCfg = Release|Any CPU
		{7D1F804F-E25F-4B31-AF27-4A5071222C2C}.Release|Any CPU.Build.0 = Release|Any CPU
		{7D584702-B42C-482E-BE37-877ED74A2F31}.Debug|Any CPU.ActiveCfg = Debug|Any CPU
		{7D584702-B42C-482E-BE37-877ED74A2F31}.Debug|Any CPU.Build.0 = Debug|Any CPU
		{7D584702-B42C-482E-BE37-877ED74A2F31}.Release|Any CPU.ActiveCfg = Release|Any CPU
		{7D584702-B42C-482E-BE37-877ED74A2F31}.Release|Any CPU.Build.0 = Release|Any CPU
		{9476099E-F796-4E12-AD5D-2F60577DE70C}.Debug|Any CPU.ActiveCfg = Debug|Any CPU
		{9476099E-F796-4E12-AD5D-2F60577DE70C}.Debug|Any CPU.Build.0 = Debug|Any CPU
		{9476099E-F796-4E12-AD5D-2F60577DE70C}.Release|Any CPU.ActiveCfg = Release|Any CPU
		{9476099E-F796-4E12-AD5D-2F60577DE70C}.Release|Any CPU.Build.0 = Release|Any CPU
		{57432B2D-E775-4D49-AF27-36196B66A512}.Debug|Any CPU.ActiveCfg = Debug|Any CPU
		{57432B2D-E775-4D49-AF27-36196B66A512}.Debug|Any CPU.Build.0 = Debug|Any CPU
		{57432B2D-E775-4D49-AF27-36196B66A512}.Release|Any CPU.ActiveCfg = Release|Any CPU
		{57432B2D-E775-4D49-AF27-36196B66A512}.Release|Any CPU.Build.0 = Release|Any CPU
	EndGlobalSection
	GlobalSection(SolutionProperties) = preSolution
		HideSolutionNode = FALSE
	EndGlobalSection
	GlobalSection(ExtensibilityGlobals) = postSolution
		SolutionGuid = {5FDBD577-0215-46BB-9189-9DD4CAD37B29}
	EndGlobalSection
EndGlobal
