
Microsoft Visual Studio Solution File, Format Version 12.00
# Visual Studio Version 17
VisualStudioVersion = 17.1.32319.34
MinimumVisualStudioVersion = 10.0.40219.1
Project("{9A19103F-16F7-4668-BE54-9A1E7A4F7556}") = "CodeWars", "CodeWars.csproj", "{1048A933-A7FE-4B0B-AB1B-C1C7B037FC4C}"
EndProject
Project("{9A19103F-16F7-4668-BE54-9A1E7A4F7556}") = "MorseCode-1", "..\MorseCode-1\MorseCode-1.csproj", "{DDECA7D8-8660-4D15-ACBF-A6C1328E7BCB}"
EndProject
Project("{9A19103F-16F7-4668-BE54-9A1E7A4F7556}") = "TwoToOne", "..\TwoToOne\TwoToOne.csproj", "{2CF70349-E33B-4707-B86D-F16F8B65EE63}"
EndProject
Project("{FAE04EC0-301F-11D3-BF4B-00C04F79EFBC}") = "Training on Maximum subarray sum", "..\Training on Maximum subarray sum\Training on Maximum subarray sum.csproj", "{5108F6BE-7CB7-49D9-8221-309620CC351D}"
EndProject
Project("{FAE04EC0-301F-11D3-BF4B-00C04F79EFBC}") = "Are they the same", "..\Are they the same\Are they the same.csproj", "{7FA1BF57-91D8-44A7-9118-CD60BBDE575E}"
EndProject
Global
	GlobalSection(SolutionConfigurationPlatforms) = preSolution
		Debug|Any CPU = Debug|Any CPU
		Release|Any CPU = Release|Any CPU
	EndGlobalSection
	GlobalSection(ProjectConfigurationPlatforms) = postSolution
		{1048A933-A7FE-4B0B-AB1B-C1C7B037FC4C}.Debug|Any CPU.ActiveCfg = Debug|Any CPU
		{1048A933-A7FE-4B0B-AB1B-C1C7B037FC4C}.Debug|Any CPU.Build.0 = Debug|Any CPU
		{1048A933-A7FE-4B0B-AB1B-C1C7B037FC4C}.Release|Any CPU.ActiveCfg = Release|Any CPU
		{1048A933-A7FE-4B0B-AB1B-C1C7B037FC4C}.Release|Any CPU.Build.0 = Release|Any CPU
		{DDECA7D8-8660-4D15-ACBF-A6C1328E7BCB}.Debug|Any CPU.ActiveCfg = Debug|Any CPU
		{DDECA7D8-8660-4D15-ACBF-A6C1328E7BCB}.Debug|Any CPU.Build.0 = Debug|Any CPU
		{DDECA7D8-8660-4D15-ACBF-A6C1328E7BCB}.Release|Any CPU.ActiveCfg = Release|Any CPU
		{DDECA7D8-8660-4D15-ACBF-A6C1328E7BCB}.Release|Any CPU.Build.0 = Release|Any CPU
		{2CF70349-E33B-4707-B86D-F16F8B65EE63}.Debug|Any CPU.ActiveCfg = Debug|Any CPU
		{2CF70349-E33B-4707-B86D-F16F8B65EE63}.Debug|Any CPU.Build.0 = Debug|Any CPU
		{2CF70349-E33B-4707-B86D-F16F8B65EE63}.Release|Any CPU.ActiveCfg = Release|Any CPU
		{2CF70349-E33B-4707-B86D-F16F8B65EE63}.Release|Any CPU.Build.0 = Release|Any CPU
		{5108F6BE-7CB7-49D9-8221-309620CC351D}.Debug|Any CPU.ActiveCfg = Debug|Any CPU
		{5108F6BE-7CB7-49D9-8221-309620CC351D}.Debug|Any CPU.Build.0 = Debug|Any CPU
		{5108F6BE-7CB7-49D9-8221-309620CC351D}.Release|Any CPU.ActiveCfg = Release|Any CPU
		{5108F6BE-7CB7-49D9-8221-309620CC351D}.Release|Any CPU.Build.0 = Release|Any CPU
		{7FA1BF57-91D8-44A7-9118-CD60BBDE575E}.Debug|Any CPU.ActiveCfg = Debug|Any CPU
		{7FA1BF57-91D8-44A7-9118-CD60BBDE575E}.Debug|Any CPU.Build.0 = Debug|Any CPU
		{7FA1BF57-91D8-44A7-9118-CD60BBDE575E}.Release|Any CPU.ActiveCfg = Release|Any CPU
		{7FA1BF57-91D8-44A7-9118-CD60BBDE575E}.Release|Any CPU.Build.0 = Release|Any CPU
	EndGlobalSection
	GlobalSection(SolutionProperties) = preSolution
		HideSolutionNode = FALSE
	EndGlobalSection
	GlobalSection(ExtensibilityGlobals) = postSolution
		SolutionGuid = {5FDBD577-0215-46BB-9189-9DD4CAD37B29}
	EndGlobalSection
EndGlobal
