
Microsoft Visual Studio Solution File, Format Version 12.00
# Visual Studio Version 17
VisualStudioVersion = 17.1.32319.34
MinimumVisualStudioVersion = 10.0.40219.1
Project("{9A19103F-16F7-4668-BE54-9A1E7A4F7556}") = "CodeWars", "CodeWars.csproj", "{1048A933-A7FE-4B0B-AB1B-C1C7B037FC4C}"
EndProject
Project("{9A19103F-16F7-4668-BE54-9A1E7A4F7556}") = "MorseCode-1", "..\MorseCode-1\MorseCode-1.csproj", "{DDECA7D8-8660-4D15-ACBF-A6C1328E7BCB}"
EndProject
Project("{9A19103F-16F7-4668-BE54-9A1E7A4F7556}") = "TwoToOne", "..\TwoToOne\TwoToOne.csproj", "{2CF70349-E33B-4707-B86D-F16F8B65EE63}"
EndProject
Project("{9A19103F-16F7-4668-BE54-9A1E7A4F7556}") = "Training on Maximum subarray sum", "..\Training on Maximum subarray sum\Training on Maximum subarray sum.csproj", "{5108F6BE-7CB7-49D9-8221-309620CC351D}"
EndProject
Project("{9A19103F-16F7-4668-BE54-9A1E7A4F7556}") = "Are they the same", "..\Are they the same\Are they the same.csproj", "{7FA1BF57-91D8-44A7-9118-CD60BBDE575E}"
EndProject
Project("{9A19103F-16F7-4668-BE54-9A1E7A4F7556}") = "Persistent Bugger", "..\Persistent Bugger\Persistent Bugger.csproj", "{A07C952C-A1CA-4B5D-BBA8-B831EF5FF8DD}"
EndProject
Project("{9A19103F-16F7-4668-BE54-9A1E7A4F7556}") = "Simple Pig Latin", "..\Simple Pig Latin\Simple Pig Latin.csproj", "{7D1F804F-E25F-4B31-AF27-4A5071222C2C}"
EndProject
Project("{9A19103F-16F7-4668-BE54-9A1E7A4F7556}") = "ramainder of Div 4", "..\ramainder of Div 4\ramainder of Div 4.csproj", "{7D584702-B42C-482E-BE37-877ED74A2F31}"
EndProject
Project("{9A19103F-16F7-4668-BE54-9A1E7A4F7556}") = "Bouncing Ball", "..\Bouncing Ball\Bouncing Ball.csproj", "{9476099E-F796-4E12-AD5D-2F60577DE70C}"
EndProject
Project("{9A19103F-16F7-4668-BE54-9A1E7A4F7556}") = "Weight for weight", "..\Weight for weight\Weight for weight.csproj", "{57432B2D-E775-4D49-AF27-36196B66A512}"
EndProject
Project("{9A19103F-16F7-4668-BE54-9A1E7A4F7556}") = "SnailAround", "..\SnailAround\SnailAround.csproj", "{C5BC82DF-69C1-47DC-84DC-D344CEB8B3A3}"
EndProject
Project("{9A19103F-16F7-4668-BE54-9A1E7A4F7556}") = "Catching Car Mileage Numbers", "..\Catching Car Mileage Numbers\Catching Car Mileage Numbers.csproj", "{0102B230-44F8-4DB3-B5C4-4BB6D0C3FB18}"
EndProject
Project("{9A19103F-16F7-4668-BE54-9A1E7A4F7556}") = "Adding Big Numbers", "..\Adding Big Numbers\Adding Big Numbers.csproj", "{8BFEAEF1-6BD0-429D-96D2-DB1A24C85364}"
EndProject
Project("{9A19103F-16F7-4668-BE54-9A1E7A4F7556}") = "Seconds In Human Readable", "..\Seconds In Human Readable\Seconds In Human Readable.csproj", "{12CFA86F-769F-468F-96B8-0D4070AC8F08}"
EndProject
Project("{8BC9CEB8-8B4A-11D0-8D11-00A0C91BC942}") = "C Code Quiz 2022-04-08", "..\C Code Quiz 2022-04-08\C Code Quiz 2022-04-08.vcxproj", "{4B756AC2-1296-44D7-B4F5-264C6A798027}"
EndProject
Project("{9A19103F-16F7-4668-BE54-9A1E7A4F7556}") = "Count IP Addresses", "..\Count IP Addresses\Count IP Addresses.csproj", "{9E0B424E-2305-4B68-9B95-FABA75E003C4}"
EndProject
Project("{FAE04EC0-301F-11D3-BF4B-00C04F79EFBC}") = "Matrix Determinant", "..\Matrix Determinant\Matrix Determinant.csproj", "{8C2907D9-07BF-48BA-94CB-69F87D8A8134}"
EndProject
Project("{FAE04EC0-301F-11D3-BF4B-00C04F79EFBC}") = "Sum of Intervals", "..\Sum of Intervals\Sum of Intervals.csproj", "{64E1193F-64AB-4F44-986F-A2424EFE2339}"
EndProject
Global
	GlobalSection(SolutionConfigurationPlatforms) = preSolution
		Debug|Any CPU = Debug|Any CPU
		Debug|x64 = Debug|x64
		Debug|x86 = Debug|x86
		Release|Any CPU = Release|Any CPU
		Release|x64 = Release|x64
		Release|x86 = Release|x86
	EndGlobalSection
	GlobalSection(ProjectConfigurationPlatforms) = postSolution
		{1048A933-A7FE-4B0B-AB1B-C1C7B037FC4C}.Debug|Any CPU.ActiveCfg = Debug|Any CPU
		{1048A933-A7FE-4B0B-AB1B-C1C7B037FC4C}.Debug|Any CPU.Build.0 = Debug|Any CPU
		{1048A933-A7FE-4B0B-AB1B-C1C7B037FC4C}.Debug|x64.ActiveCfg = Debug|Any CPU
		{1048A933-A7FE-4B0B-AB1B-C1C7B037FC4C}.Debug|x64.Build.0 = Debug|Any CPU
		{1048A933-A7FE-4B0B-AB1B-C1C7B037FC4C}.Debug|x86.ActiveCfg = Debug|Any CPU
		{1048A933-A7FE-4B0B-AB1B-C1C7B037FC4C}.Debug|x86.Build.0 = Debug|Any CPU
		{1048A933-A7FE-4B0B-AB1B-C1C7B037FC4C}.Release|Any CPU.ActiveCfg = Release|Any CPU
		{1048A933-A7FE-4B0B-AB1B-C1C7B037FC4C}.Release|Any CPU.Build.0 = Release|Any CPU
		{1048A933-A7FE-4B0B-AB1B-C1C7B037FC4C}.Release|x64.ActiveCfg = Release|Any CPU
		{1048A933-A7FE-4B0B-AB1B-C1C7B037FC4C}.Release|x64.Build.0 = Release|Any CPU
		{1048A933-A7FE-4B0B-AB1B-C1C7B037FC4C}.Release|x86.ActiveCfg = Release|Any CPU
		{1048A933-A7FE-4B0B-AB1B-C1C7B037FC4C}.Release|x86.Build.0 = Release|Any CPU
		{DDECA7D8-8660-4D15-ACBF-A6C1328E7BCB}.Debug|Any CPU.ActiveCfg = Debug|Any CPU
		{DDECA7D8-8660-4D15-ACBF-A6C1328E7BCB}.Debug|Any CPU.Build.0 = Debug|Any CPU
		{DDECA7D8-8660-4D15-ACBF-A6C1328E7BCB}.Debug|x64.ActiveCfg = Debug|Any CPU
		{DDECA7D8-8660-4D15-ACBF-A6C1328E7BCB}.Debug|x64.Build.0 = Debug|Any CPU
		{DDECA7D8-8660-4D15-ACBF-A6C1328E7BCB}.Debug|x86.ActiveCfg = Debug|Any CPU
		{DDECA7D8-8660-4D15-ACBF-A6C1328E7BCB}.Debug|x86.Build.0 = Debug|Any CPU
		{DDECA7D8-8660-4D15-ACBF-A6C1328E7BCB}.Release|Any CPU.ActiveCfg = Release|Any CPU
		{DDECA7D8-8660-4D15-ACBF-A6C1328E7BCB}.Release|Any CPU.Build.0 = Release|Any CPU
		{DDECA7D8-8660-4D15-ACBF-A6C1328E7BCB}.Release|x64.ActiveCfg = Release|Any CPU
		{DDECA7D8-8660-4D15-ACBF-A6C1328E7BCB}.Release|x64.Build.0 = Release|Any CPU
		{DDECA7D8-8660-4D15-ACBF-A6C1328E7BCB}.Release|x86.ActiveCfg = Release|Any CPU
		{DDECA7D8-8660-4D15-ACBF-A6C1328E7BCB}.Release|x86.Build.0 = Release|Any CPU
		{2CF70349-E33B-4707-B86D-F16F8B65EE63}.Debug|Any CPU.ActiveCfg = Debug|Any CPU
		{2CF70349-E33B-4707-B86D-F16F8B65EE63}.Debug|Any CPU.Build.0 = Debug|Any CPU
		{2CF70349-E33B-4707-B86D-F16F8B65EE63}.Debug|x64.ActiveCfg = Debug|Any CPU
		{2CF70349-E33B-4707-B86D-F16F8B65EE63}.Debug|x64.Build.0 = Debug|Any CPU
		{2CF70349-E33B-4707-B86D-F16F8B65EE63}.Debug|x86.ActiveCfg = Debug|Any CPU
		{2CF70349-E33B-4707-B86D-F16F8B65EE63}.Debug|x86.Build.0 = Debug|Any CPU
		{2CF70349-E33B-4707-B86D-F16F8B65EE63}.Release|Any CPU.ActiveCfg = Release|Any CPU
		{2CF70349-E33B-4707-B86D-F16F8B65EE63}.Release|Any CPU.Build.0 = Release|Any CPU
		{2CF70349-E33B-4707-B86D-F16F8B65EE63}.Release|x64.ActiveCfg = Release|Any CPU
		{2CF70349-E33B-4707-B86D-F16F8B65EE63}.Release|x64.Build.0 = Release|Any CPU
		{2CF70349-E33B-4707-B86D-F16F8B65EE63}.Release|x86.ActiveCfg = Release|Any CPU
		{2CF70349-E33B-4707-B86D-F16F8B65EE63}.Release|x86.Build.0 = Release|Any CPU
		{5108F6BE-7CB7-49D9-8221-309620CC351D}.Debug|Any CPU.ActiveCfg = Debug|Any CPU
		{5108F6BE-7CB7-49D9-8221-309620CC351D}.Debug|Any CPU.Build.0 = Debug|Any CPU
		{5108F6BE-7CB7-49D9-8221-309620CC351D}.Debug|x64.ActiveCfg = Debug|Any CPU
		{5108F6BE-7CB7-49D9-8221-309620CC351D}.Debug|x64.Build.0 = Debug|Any CPU
		{5108F6BE-7CB7-49D9-8221-309620CC351D}.Debug|x86.ActiveCfg = Debug|Any CPU
		{5108F6BE-7CB7-49D9-8221-309620CC351D}.Debug|x86.Build.0 = Debug|Any CPU
		{5108F6BE-7CB7-49D9-8221-309620CC351D}.Release|Any CPU.ActiveCfg = Release|Any CPU
		{5108F6BE-7CB7-49D9-8221-309620CC351D}.Release|Any CPU.Build.0 = Release|Any CPU
		{5108F6BE-7CB7-49D9-8221-309620CC351D}.Release|x64.ActiveCfg = Release|Any CPU
		{5108F6BE-7CB7-49D9-8221-309620CC351D}.Release|x64.Build.0 = Release|Any CPU
		{5108F6BE-7CB7-49D9-8221-309620CC351D}.Release|x86.ActiveCfg = Release|Any CPU
		{5108F6BE-7CB7-49D9-8221-309620CC351D}.Release|x86.Build.0 = Release|Any CPU
		{7FA1BF57-91D8-44A7-9118-CD60BBDE575E}.Debug|Any CPU.ActiveCfg = Debug|Any CPU
		{7FA1BF57-91D8-44A7-9118-CD60BBDE575E}.Debug|Any CPU.Build.0 = Debug|Any CPU
		{7FA1BF57-91D8-44A7-9118-CD60BBDE575E}.Debug|x64.ActiveCfg = Debug|Any CPU
		{7FA1BF57-91D8-44A7-9118-CD60BBDE575E}.Debug|x64.Build.0 = Debug|Any CPU
		{7FA1BF57-91D8-44A7-9118-CD60BBDE575E}.Debug|x86.ActiveCfg = Debug|Any CPU
		{7FA1BF57-91D8-44A7-9118-CD60BBDE575E}.Debug|x86.Build.0 = Debug|Any CPU
		{7FA1BF57-91D8-44A7-9118-CD60BBDE575E}.Release|Any CPU.ActiveCfg = Release|Any CPU
		{7FA1BF57-91D8-44A7-9118-CD60BBDE575E}.Release|Any CPU.Build.0 = Release|Any CPU
		{7FA1BF57-91D8-44A7-9118-CD60BBDE575E}.Release|x64.ActiveCfg = Release|Any CPU
		{7FA1BF57-91D8-44A7-9118-CD60BBDE575E}.Release|x64.Build.0 = Release|Any CPU
		{7FA1BF57-91D8-44A7-9118-CD60BBDE575E}.Release|x86.ActiveCfg = Release|Any CPU
		{7FA1BF57-91D8-44A7-9118-CD60BBDE575E}.Release|x86.Build.0 = Release|Any CPU
		{A07C952C-A1CA-4B5D-BBA8-B831EF5FF8DD}.Debug|Any CPU.ActiveCfg = Debug|Any CPU
		{A07C952C-A1CA-4B5D-BBA8-B831EF5FF8DD}.Debug|Any CPU.Build.0 = Debug|Any CPU
		{A07C952C-A1CA-4B5D-BBA8-B831EF5FF8DD}.Debug|x64.ActiveCfg = Debug|Any CPU
		{A07C952C-A1CA-4B5D-BBA8-B831EF5FF8DD}.Debug|x64.Build.0 = Debug|Any CPU
		{A07C952C-A1CA-4B5D-BBA8-B831EF5FF8DD}.Debug|x86.ActiveCfg = Debug|Any CPU
		{A07C952C-A1CA-4B5D-BBA8-B831EF5FF8DD}.Debug|x86.Build.0 = Debug|Any CPU
		{A07C952C-A1CA-4B5D-BBA8-B831EF5FF8DD}.Release|Any CPU.ActiveCfg = Release|Any CPU
		{A07C952C-A1CA-4B5D-BBA8-B831EF5FF8DD}.Release|Any CPU.Build.0 = Release|Any CPU
		{A07C952C-A1CA-4B5D-BBA8-B831EF5FF8DD}.Release|x64.ActiveCfg = Release|Any CPU
		{A07C952C-A1CA-4B5D-BBA8-B831EF5FF8DD}.Release|x64.Build.0 = Release|Any CPU
		{A07C952C-A1CA-4B5D-BBA8-B831EF5FF8DD}.Release|x86.ActiveCfg = Release|Any CPU
		{A07C952C-A1CA-4B5D-BBA8-B831EF5FF8DD}.Release|x86.Build.0 = Release|Any CPU
		{7D1F804F-E25F-4B31-AF27-4A5071222C2C}.Debug|Any CPU.ActiveCfg = Debug|Any CPU
		{7D1F804F-E25F-4B31-AF27-4A5071222C2C}.Debug|Any CPU.Build.0 = Debug|Any CPU
		{7D1F804F-E25F-4B31-AF27-4A5071222C2C}.Debug|x64.ActiveCfg = Debug|Any CPU
		{7D1F804F-E25F-4B31-AF27-4A5071222C2C}.Debug|x64.Build.0 = Debug|Any CPU
		{7D1F804F-E25F-4B31-AF27-4A5071222C2C}.Debug|x86.ActiveCfg = Debug|Any CPU
		{7D1F804F-E25F-4B31-AF27-4A5071222C2C}.Debug|x86.Build.0 = Debug|Any CPU
		{7D1F804F-E25F-4B31-AF27-4A5071222C2C}.Release|Any CPU.ActiveCfg = Release|Any CPU
		{7D1F804F-E25F-4B31-AF27-4A5071222C2C}.Release|Any CPU.Build.0 = Release|Any CPU
		{7D1F804F-E25F-4B31-AF27-4A5071222C2C}.Release|x64.ActiveCfg = Release|Any CPU
		{7D1F804F-E25F-4B31-AF27-4A5071222C2C}.Release|x64.Build.0 = Release|Any CPU
		{7D1F804F-E25F-4B31-AF27-4A5071222C2C}.Release|x86.ActiveCfg = Release|Any CPU
		{7D1F804F-E25F-4B31-AF27-4A5071222C2C}.Release|x86.Build.0 = Release|Any CPU
		{7D584702-B42C-482E-BE37-877ED74A2F31}.Debug|Any CPU.ActiveCfg = Debug|Any CPU
		{7D584702-B42C-482E-BE37-877ED74A2F31}.Debug|Any CPU.Build.0 = Debug|Any CPU
		{7D584702-B42C-482E-BE37-877ED74A2F31}.Debug|x64.ActiveCfg = Debug|Any CPU
		{7D584702-B42C-482E-BE37-877ED74A2F31}.Debug|x64.Build.0 = Debug|Any CPU
		{7D584702-B42C-482E-BE37-877ED74A2F31}.Debug|x86.ActiveCfg = Debug|Any CPU
		{7D584702-B42C-482E-BE37-877ED74A2F31}.Debug|x86.Build.0 = Debug|Any CPU
		{7D584702-B42C-482E-BE37-877ED74A2F31}.Release|Any CPU.ActiveCfg = Release|Any CPU
		{7D584702-B42C-482E-BE37-877ED74A2F31}.Release|Any CPU.Build.0 = Release|Any CPU
		{7D584702-B42C-482E-BE37-877ED74A2F31}.Release|x64.ActiveCfg = Release|Any CPU
		{7D584702-B42C-482E-BE37-877ED74A2F31}.Release|x64.Build.0 = Release|Any CPU
		{7D584702-B42C-482E-BE37-877ED74A2F31}.Release|x86.ActiveCfg = Release|Any CPU
		{7D584702-B42C-482E-BE37-877ED74A2F31}.Release|x86.Build.0 = Release|Any CPU
		{9476099E-F796-4E12-AD5D-2F60577DE70C}.Debug|Any CPU.ActiveCfg = Debug|Any CPU
		{9476099E-F796-4E12-AD5D-2F60577DE70C}.Debug|Any CPU.Build.0 = Debug|Any CPU
		{9476099E-F796-4E12-AD5D-2F60577DE70C}.Debug|x64.ActiveCfg = Debug|Any CPU
		{9476099E-F796-4E12-AD5D-2F60577DE70C}.Debug|x64.Build.0 = Debug|Any CPU
		{9476099E-F796-4E12-AD5D-2F60577DE70C}.Debug|x86.ActiveCfg = Debug|Any CPU
		{9476099E-F796-4E12-AD5D-2F60577DE70C}.Debug|x86.Build.0 = Debug|Any CPU
		{9476099E-F796-4E12-AD5D-2F60577DE70C}.Release|Any CPU.ActiveCfg = Release|Any CPU
		{9476099E-F796-4E12-AD5D-2F60577DE70C}.Release|Any CPU.Build.0 = Release|Any CPU
		{9476099E-F796-4E12-AD5D-2F60577DE70C}.Release|x64.ActiveCfg = Release|Any CPU
		{9476099E-F796-4E12-AD5D-2F60577DE70C}.Release|x64.Build.0 = Release|Any CPU
		{9476099E-F796-4E12-AD5D-2F60577DE70C}.Release|x86.ActiveCfg = Release|Any CPU
		{9476099E-F796-4E12-AD5D-2F60577DE70C}.Release|x86.Build.0 = Release|Any CPU
		{57432B2D-E775-4D49-AF27-36196B66A512}.Debug|Any CPU.ActiveCfg = Debug|Any CPU
		{57432B2D-E775-4D49-AF27-36196B66A512}.Debug|Any CPU.Build.0 = Debug|Any CPU
		{57432B2D-E775-4D49-AF27-36196B66A512}.Debug|x64.ActiveCfg = Debug|Any CPU
		{57432B2D-E775-4D49-AF27-36196B66A512}.Debug|x64.Build.0 = Debug|Any CPU
		{57432B2D-E775-4D49-AF27-36196B66A512}.Debug|x86.ActiveCfg = Debug|Any CPU
		{57432B2D-E775-4D49-AF27-36196B66A512}.Debug|x86.Build.0 = Debug|Any CPU
		{57432B2D-E775-4D49-AF27-36196B66A512}.Release|Any CPU.ActiveCfg = Release|Any CPU
		{57432B2D-E775-4D49-AF27-36196B66A512}.Release|Any CPU.Build.0 = Release|Any CPU
		{57432B2D-E775-4D49-AF27-36196B66A512}.Release|x64.ActiveCfg = Release|Any CPU
		{57432B2D-E775-4D49-AF27-36196B66A512}.Release|x64.Build.0 = Release|Any CPU
		{57432B2D-E775-4D49-AF27-36196B66A512}.Release|x86.ActiveCfg = Release|Any CPU
		{57432B2D-E775-4D49-AF27-36196B66A512}.Release|x86.Build.0 = Release|Any CPU
		{C5BC82DF-69C1-47DC-84DC-D344CEB8B3A3}.Debug|Any CPU.ActiveCfg = Debug|Any CPU
		{C5BC82DF-69C1-47DC-84DC-D344CEB8B3A3}.Debug|Any CPU.Build.0 = Debug|Any CPU
		{C5BC82DF-69C1-47DC-84DC-D344CEB8B3A3}.Debug|x64.ActiveCfg = Debug|Any CPU
		{C5BC82DF-69C1-47DC-84DC-D344CEB8B3A3}.Debug|x64.Build.0 = Debug|Any CPU
		{C5BC82DF-69C1-47DC-84DC-D344CEB8B3A3}.Debug|x86.ActiveCfg = Debug|Any CPU
		{C5BC82DF-69C1-47DC-84DC-D344CEB8B3A3}.Debug|x86.Build.0 = Debug|Any CPU
		{C5BC82DF-69C1-47DC-84DC-D344CEB8B3A3}.Release|Any CPU.ActiveCfg = Release|Any CPU
		{C5BC82DF-69C1-47DC-84DC-D344CEB8B3A3}.Release|Any CPU.Build.0 = Release|Any CPU
		{C5BC82DF-69C1-47DC-84DC-D344CEB8B3A3}.Release|x64.ActiveCfg = Release|Any CPU
		{C5BC82DF-69C1-47DC-84DC-D344CEB8B3A3}.Release|x64.Build.0 = Release|Any CPU
		{C5BC82DF-69C1-47DC-84DC-D344CEB8B3A3}.Release|x86.ActiveCfg = Release|Any CPU
		{C5BC82DF-69C1-47DC-84DC-D344CEB8B3A3}.Release|x86.Build.0 = Release|Any CPU
		{0102B230-44F8-4DB3-B5C4-4BB6D0C3FB18}.Debug|Any CPU.ActiveCfg = Debug|Any CPU
		{0102B230-44F8-4DB3-B5C4-4BB6D0C3FB18}.Debug|Any CPU.Build.0 = Debug|Any CPU
		{0102B230-44F8-4DB3-B5C4-4BB6D0C3FB18}.Debug|x64.ActiveCfg = Debug|Any CPU
		{0102B230-44F8-4DB3-B5C4-4BB6D0C3FB18}.Debug|x64.Build.0 = Debug|Any CPU
		{0102B230-44F8-4DB3-B5C4-4BB6D0C3FB18}.Debug|x86.ActiveCfg = Debug|Any CPU
		{0102B230-44F8-4DB3-B5C4-4BB6D0C3FB18}.Debug|x86.Build.0 = Debug|Any CPU
		{0102B230-44F8-4DB3-B5C4-4BB6D0C3FB18}.Release|Any CPU.ActiveCfg = Release|Any CPU
		{0102B230-44F8-4DB3-B5C4-4BB6D0C3FB18}.Release|Any CPU.Build.0 = Release|Any CPU
		{0102B230-44F8-4DB3-B5C4-4BB6D0C3FB18}.Release|x64.ActiveCfg = Release|Any CPU
		{0102B230-44F8-4DB3-B5C4-4BB6D0C3FB18}.Release|x64.Build.0 = Release|Any CPU
		{0102B230-44F8-4DB3-B5C4-4BB6D0C3FB18}.Release|x86.ActiveCfg = Release|Any CPU
		{0102B230-44F8-4DB3-B5C4-4BB6D0C3FB18}.Release|x86.Build.0 = Release|Any CPU
		{8BFEAEF1-6BD0-429D-96D2-DB1A24C85364}.Debug|Any CPU.ActiveCfg = Debug|Any CPU
		{8BFEAEF1-6BD0-429D-96D2-DB1A24C85364}.Debug|Any CPU.Build.0 = Debug|Any CPU
		{8BFEAEF1-6BD0-429D-96D2-DB1A24C85364}.Debug|x64.ActiveCfg = Debug|Any CPU
		{8BFEAEF1-6BD0-429D-96D2-DB1A24C85364}.Debug|x64.Build.0 = Debug|Any CPU
		{8BFEAEF1-6BD0-429D-96D2-DB1A24C85364}.Debug|x86.ActiveCfg = Debug|Any CPU
		{8BFEAEF1-6BD0-429D-96D2-DB1A24C85364}.Debug|x86.Build.0 = Debug|Any CPU
		{8BFEAEF1-6BD0-429D-96D2-DB1A24C85364}.Release|Any CPU.ActiveCfg = Release|Any CPU
		{8BFEAEF1-6BD0-429D-96D2-DB1A24C85364}.Release|Any CPU.Build.0 = Release|Any CPU
		{8BFEAEF1-6BD0-429D-96D2-DB1A24C85364}.Release|x64.ActiveCfg = Release|Any CPU
		{8BFEAEF1-6BD0-429D-96D2-DB1A24C85364}.Release|x64.Build.0 = Release|Any CPU
		{8BFEAEF1-6BD0-429D-96D2-DB1A24C85364}.Release|x86.ActiveCfg = Release|Any CPU
		{8BFEAEF1-6BD0-429D-96D2-DB1A24C85364}.Release|x86.Build.0 = Release|Any CPU
		{12CFA86F-769F-468F-96B8-0D4070AC8F08}.Debug|Any CPU.ActiveCfg = Debug|Any CPU
		{12CFA86F-769F-468F-96B8-0D4070AC8F08}.Debug|Any CPU.Build.0 = Debug|Any CPU
		{12CFA86F-769F-468F-96B8-0D4070AC8F08}.Debug|x64.ActiveCfg = Debug|Any CPU
		{12CFA86F-769F-468F-96B8-0D4070AC8F08}.Debug|x64.Build.0 = Debug|Any CPU
		{12CFA86F-769F-468F-96B8-0D4070AC8F08}.Debug|x86.ActiveCfg = Debug|Any CPU
		{12CFA86F-769F-468F-96B8-0D4070AC8F08}.Debug|x86.Build.0 = Debug|Any CPU
		{12CFA86F-769F-468F-96B8-0D4070AC8F08}.Release|Any CPU.ActiveCfg = Release|Any CPU
		{12CFA86F-769F-468F-96B8-0D4070AC8F08}.Release|Any CPU.Build.0 = Release|Any CPU
		{12CFA86F-769F-468F-96B8-0D4070AC8F08}.Release|x64.ActiveCfg = Release|Any CPU
		{12CFA86F-769F-468F-96B8-0D4070AC8F08}.Release|x64.Build.0 = Release|Any CPU
		{12CFA86F-769F-468F-96B8-0D4070AC8F08}.Release|x86.ActiveCfg = Release|Any CPU
		{12CFA86F-769F-468F-96B8-0D4070AC8F08}.Release|x86.Build.0 = Release|Any CPU
		{4B756AC2-1296-44D7-B4F5-264C6A798027}.Debug|Any CPU.ActiveCfg = Debug|x64
		{4B756AC2-1296-44D7-B4F5-264C6A798027}.Debug|Any CPU.Build.0 = Debug|x64
		{4B756AC2-1296-44D7-B4F5-264C6A798027}.Debug|x64.ActiveCfg = Debug|x64
		{4B756AC2-1296-44D7-B4F5-264C6A798027}.Debug|x64.Build.0 = Debug|x64
		{4B756AC2-1296-44D7-B4F5-264C6A798027}.Debug|x86.ActiveCfg = Debug|Win32
		{4B756AC2-1296-44D7-B4F5-264C6A798027}.Debug|x86.Build.0 = Debug|Win32
		{4B756AC2-1296-44D7-B4F5-264C6A798027}.Release|Any CPU.ActiveCfg = Release|x64
		{4B756AC2-1296-44D7-B4F5-264C6A798027}.Release|Any CPU.Build.0 = Release|x64
		{4B756AC2-1296-44D7-B4F5-264C6A798027}.Release|x64.ActiveCfg = Release|x64
		{4B756AC2-1296-44D7-B4F5-264C6A798027}.Release|x64.Build.0 = Release|x64
		{4B756AC2-1296-44D7-B4F5-264C6A798027}.Release|x86.ActiveCfg = Release|Win32
		{4B756AC2-1296-44D7-B4F5-264C6A798027}.Release|x86.Build.0 = Release|Win32
		{9E0B424E-2305-4B68-9B95-FABA75E003C4}.Debug|Any CPU.ActiveCfg = Debug|Any CPU
		{9E0B424E-2305-4B68-9B95-FABA75E003C4}.Debug|Any CPU.Build.0 = Debug|Any CPU
		{9E0B424E-2305-4B68-9B95-FABA75E003C4}.Debug|x64.ActiveCfg = Debug|Any CPU
		{9E0B424E-2305-4B68-9B95-FABA75E003C4}.Debug|x64.Build.0 = Debug|Any CPU
		{9E0B424E-2305-4B68-9B95-FABA75E003C4}.Debug|x86.ActiveCfg = Debug|Any CPU
		{9E0B424E-2305-4B68-9B95-FABA75E003C4}.Debug|x86.Build.0 = Debug|Any CPU
		{9E0B424E-2305-4B68-9B95-FABA75E003C4}.Release|Any CPU.ActiveCfg = Release|Any CPU
		{9E0B424E-2305-4B68-9B95-FABA75E003C4}.Release|Any CPU.Build.0 = Release|Any CPU
		{9E0B424E-2305-4B68-9B95-FABA75E003C4}.Release|x64.ActiveCfg = Release|Any CPU
		{9E0B424E-2305-4B68-9B95-FABA75E003C4}.Release|x64.Build.0 = Release|Any CPU
		{9E0B424E-2305-4B68-9B95-FABA75E003C4}.Release|x86.ActiveCfg = Release|Any CPU
		{9E0B424E-2305-4B68-9B95-FABA75E003C4}.Release|x86.Build.0 = Release|Any CPU
		{8C2907D9-07BF-48BA-94CB-69F87D8A8134}.Debug|Any CPU.ActiveCfg = Debug|Any CPU
		{8C2907D9-07BF-48BA-94CB-69F87D8A8134}.Debug|Any CPU.Build.0 = Debug|Any CPU
		{8C2907D9-07BF-48BA-94CB-69F87D8A8134}.Debug|x64.ActiveCfg = Debug|Any CPU
		{8C2907D9-07BF-48BA-94CB-69F87D8A8134}.Debug|x64.Build.0 = Debug|Any CPU
		{8C2907D9-07BF-48BA-94CB-69F87D8A8134}.Debug|x86.ActiveCfg = Debug|Any CPU
		{8C2907D9-07BF-48BA-94CB-69F87D8A8134}.Debug|x86.Build.0 = Debug|Any CPU
		{8C2907D9-07BF-48BA-94CB-69F87D8A8134}.Release|Any CPU.ActiveCfg = Release|Any CPU
		{8C2907D9-07BF-48BA-94CB-69F87D8A8134}.Release|Any CPU.Build.0 = Release|Any CPU
		{8C2907D9-07BF-48BA-94CB-69F87D8A8134}.Release|x64.ActiveCfg = Release|Any CPU
		{8C2907D9-07BF-48BA-94CB-69F87D8A8134}.Release|x64.Build.0 = Release|Any CPU
		{8C2907D9-07BF-48BA-94CB-69F87D8A8134}.Release|x86.ActiveCfg = Release|Any CPU
		{8C2907D9-07BF-48BA-94CB-69F87D8A8134}.Release|x86.Build.0 = Release|Any CPU
		{64E1193F-64AB-4F44-986F-A2424EFE2339}.Debug|Any CPU.ActiveCfg = Debug|Any CPU
		{64E1193F-64AB-4F44-986F-A2424EFE2339}.Debug|Any CPU.Build.0 = Debug|Any CPU
		{64E1193F-64AB-4F44-986F-A2424EFE2339}.Debug|x64.ActiveCfg = Debug|Any CPU
		{64E1193F-64AB-4F44-986F-A2424EFE2339}.Debug|x64.Build.0 = Debug|Any CPU
		{64E1193F-64AB-4F44-986F-A2424EFE2339}.Debug|x86.ActiveCfg = Debug|Any CPU
		{64E1193F-64AB-4F44-986F-A2424EFE2339}.Debug|x86.Build.0 = Debug|Any CPU
		{64E1193F-64AB-4F44-986F-A2424EFE2339}.Release|Any CPU.ActiveCfg = Release|Any CPU
		{64E1193F-64AB-4F44-986F-A2424EFE2339}.Release|Any CPU.Build.0 = Release|Any CPU
		{64E1193F-64AB-4F44-986F-A2424EFE2339}.Release|x64.ActiveCfg = Release|Any CPU
		{64E1193F-64AB-4F44-986F-A2424EFE2339}.Release|x64.Build.0 = Release|Any CPU
		{64E1193F-64AB-4F44-986F-A2424EFE2339}.Release|x86.ActiveCfg = Release|Any CPU
		{64E1193F-64AB-4F44-986F-A2424EFE2339}.Release|x86.Build.0 = Release|Any CPU
	EndGlobalSection
	GlobalSection(SolutionProperties) = preSolution
		HideSolutionNode = FALSE
	EndGlobalSection
	GlobalSection(ExtensibilityGlobals) = postSolution
		SolutionGuid = {5FDBD577-0215-46BB-9189-9DD4CAD37B29}
	EndGlobalSection
EndGlobal
